
Microsoft Visual Studio Solution File, Format Version 12.00
# Visual Studio Version 17
VisualStudioVersion = 17.11.35327.3
MinimumVisualStudioVersion = 10.0.40219.1
Project("{FAE04EC0-301F-11D3-BF4B-00C04F79EFBC}") = "ProcessorS", "ProcessorS\ProcessorS.csproj", "{1596B239-E109-4DE6-B696-3574148925C6}"
EndProject
Project("{FAE04EC0-301F-11D3-BF4B-00C04F79EFBC}") = "Globals", "Globals\Globals.csproj", "{1543BA31-E08F-4934-A7CA-3FE44EB0A46A}"
EndProject
Project("{FAE04EC0-301F-11D3-BF4B-00C04F79EFBC}") = "WindowFirstStart", "WindowFirstStart\WindowFirstStart.csproj", "{13DA0BC0-F386-47B1-926B-92C05B9D6155}"
EndProject
Project("{FAE04EC0-301F-11D3-BF4B-00C04F79EFBC}") = "ADocumentation", "ADocumentation\ADocumentation.csproj", "{BA08AEE2-9E74-484F-8617-9B7C3A7365CB}"
EndProject
Project("{FAE04EC0-301F-11D3-BF4B-00C04F79EFBC}") = "WindowRegularStart", "WindoRegularStart\WindowRegularStart.csproj", "{BC5C0B54-062E-465D-8C82-8839AEF422BF}"
EndProject
Global
	GlobalSection(SolutionConfigurationPlatforms) = preSolution
		Debug|Any CPU = Debug|Any CPU
		Release|Any CPU = Release|Any CPU
	EndGlobalSection
	GlobalSection(ProjectConfigurationPlatforms) = postSolution
		{1596B239-E109-4DE6-B696-3574148925C6}.Debug|Any CPU.ActiveCfg = Debug|Any CPU
		{1596B239-E109-4DE6-B696-3574148925C6}.Debug|Any CPU.Build.0 = Debug|Any CPU
		{1596B239-E109-4DE6-B696-3574148925C6}.Release|Any CPU.ActiveCfg = Release|Any CPU
		{1596B239-E109-4DE6-B696-3574148925C6}.Release|Any CPU.Build.0 = Release|Any CPU
		{1543BA31-E08F-4934-A7CA-3FE44EB0A46A}.Debug|Any CPU.ActiveCfg = Debug|Any CPU
		{1543BA31-E08F-4934-A7CA-3FE44EB0A46A}.Debug|Any CPU.Build.0 = Debug|Any CPU
		{1543BA31-E08F-4934-A7CA-3FE44EB0A46A}.Release|Any CPU.ActiveCfg = Release|Any CPU
		{1543BA31-E08F-4934-A7CA-3FE44EB0A46A}.Release|Any CPU.Build.0 = Release|Any CPU
		{13DA0BC0-F386-47B1-926B-92C05B9D6155}.Debug|Any CPU.ActiveCfg = Debug|Any CPU
		{13DA0BC0-F386-47B1-926B-92C05B9D6155}.Debug|Any CPU.Build.0 = Debug|Any CPU
		{13DA0BC0-F386-47B1-926B-92C05B9D6155}.Release|Any CPU.ActiveCfg = Release|Any CPU
		{13DA0BC0-F386-47B1-926B-92C05B9D6155}.Release|Any CPU.Build.0 = Release|Any CPU
		{BA08AEE2-9E74-484F-8617-9B7C3A7365CB}.Debug|Any CPU.ActiveCfg = Debug|Any CPU
		{BA08AEE2-9E74-484F-8617-9B7C3A7365CB}.Debug|Any CPU.Build.0 = Debug|Any CPU
		{BA08AEE2-9E74-484F-8617-9B7C3A7365CB}.Release|Any CPU.ActiveCfg = Release|Any CPU
		{BA08AEE2-9E74-484F-8617-9B7C3A7365CB}.Release|Any CPU.Build.0 = Release|Any CPU
		{BC5C0B54-062E-465D-8C82-8839AEF422BF}.Debug|Any CPU.ActiveCfg = Debug|Any CPU
		{BC5C0B54-062E-465D-8C82-8839AEF422BF}.Debug|Any CPU.Build.0 = Debug|Any CPU
		{BC5C0B54-062E-465D-8C82-8839AEF422BF}.Release|Any CPU.ActiveCfg = Release|Any CPU
		{BC5C0B54-062E-465D-8C82-8839AEF422BF}.Release|Any CPU.Build.0 = Release|Any CPU
	EndGlobalSection
	GlobalSection(SolutionProperties) = preSolution
		HideSolutionNode = FALSE
	EndGlobalSection
	GlobalSection(ExtensibilityGlobals) = postSolution
		SolutionGuid = {5ECB4232-8BB4-4BB7-9098-7CBC612B2A4C}
	EndGlobalSection
EndGlobal
