
Microsoft Visual Studio Solution File, Format Version 12.00
# Visual Studio Version 17
VisualStudioVersion = 17.11.35327.3
MinimumVisualStudioVersion = 10.0.40219.1
Project("{FAE04EC0-301F-11D3-BF4B-00C04F79EFBC}") = "ProcessorS", "ProcessorS\ProcessorS.csproj", "{1596B239-E109-4DE6-B696-3574148925C6}"
EndProject
Project("{FAE04EC0-301F-11D3-BF4B-00C04F79EFBC}") = "Globals", "Globals\Globals.csproj", "{1543BA31-E08F-4934-A7CA-3FE44EB0A46A}"
EndProject
Project("{FAE04EC0-301F-11D3-BF4B-00C04F79EFBC}") = "WindowFirstStart", "WindowFirstStart\WindowFirstStart.csproj", "{13DA0BC0-F386-47B1-926B-92C05B9D6155}"
EndProject
Project("{FAE04EC0-301F-11D3-BF4B-00C04F79EFBC}") = "ADocumentation", "ADocumentation\ADocumentation.csproj", "{BA08AEE2-9E74-484F-8617-9B7C3A7365CB}"
EndProject
Project("{FAE04EC0-301F-11D3-BF4B-00C04F79EFBC}") = "WindowRegularStart", "WindoRegularStart\WindowRegularStart.csproj", "{BC5C0B54-062E-465D-8C82-8839AEF422BF}"
EndProject
Project("{FAE04EC0-301F-11D3-BF4B-00C04F79EFBC}") = "HelpAndDocumentation", "HelpAndDocumentation\HelpAndDocumentation.csproj", "{EB65A704-42E5-433C-9EDF-FF235353816B}"
EndProject
Project("{FAE04EC0-301F-11D3-BF4B-00C04F79EFBC}") = "ControlProgramStart", "ControlProgramStart\ControlProgramStart.csproj", "{729498F2-62F3-4944-8432-C35FE77E2FE7}"
EndProject
Project("{FAE04EC0-301F-11D3-BF4B-00C04F79EFBC}") = "WindowMainWindowContextMenu", "WindowMainWindowContextMenu\WindowMainWindowContextMenu.csproj", "{8C92284B-B9E9-4B92-9971-BD6FF8E33FD4}"
EndProject
Project("{2150E333-8FDC-42A3-9474-1A3956D46DE8}") = "Wizard", "Wizard", "{71572882-E962-4E03-BBA5-5CF5154F8B9E}"
EndProject
Project("{2150E333-8FDC-42A3-9474-1A3956D46DE8}") = "Reader", "Reader", "{6ED80880-614E-4CC3-9FF7-C839EE1CB8FE}"
EndProject
Project("{FAE04EC0-301F-11D3-BF4B-00C04F79EFBC}") = "ControlMainWizard", "ControlMainWizard\ControlMainWizard.csproj", "{CDCF9B9E-974D-41B3-AE0D-3C6E5A7AAB1D}"
EndProject
Project("{2150E333-8FDC-42A3-9474-1A3956D46DE8}") = "SubControls", "SubControls", "{09C8FA19-E6FB-4E24-8CA8-B9FAEC770248}"
EndProject
Project("{2150E333-8FDC-42A3-9474-1A3956D46DE8}") = "CustomerControlDirectory", "CustomerControlDirectory", "{AC539ED7-DA7B-4E2B-8743-B9A643B01A3B}"
EndProject
Project("{2150E333-8FDC-42A3-9474-1A3956D46DE8}") = "EquipmentControlDirectory", "EquipmentControlDirectory", "{2608D037-18ED-4C60-AE3A-22551208CA97}"
EndProject
Project("{2150E333-8FDC-42A3-9474-1A3956D46DE8}") = "BlockDiagramControlDirectory", "BlockDiagramControlDirectory", "{77304A14-6B3C-4CBA-8962-1061CD75551C}"
EndProject
Project("{FAE04EC0-301F-11D3-BF4B-00C04F79EFBC}") = "SubControlSupplierProject", "SubControlSupplierProject\SubControlSupplierProject.csproj", "{A9EFA181-B4F5-4576-8681-41977D3E44C7}"
EndProject
Project("{FAE04EC0-301F-11D3-BF4B-00C04F79EFBC}") = "SubControlProductProject", "SubControlProductProject\SubControlProductProject.csproj", "{4855809C-A3D6-4A6D-BCD6-5C2BA576824C}"
EndProject
Project("{FAE04EC0-301F-11D3-BF4B-00C04F79EFBC}") = "SubControlIntermediateProductProject", "SubControlIntermediateProductProject\SubControlIntermediateProductProject.csproj", "{A1054403-75A0-4CE9-8A7C-F964796F354C}"
EndProject
Global
	GlobalSection(SolutionConfigurationPlatforms) = preSolution
		Debug|Any CPU = Debug|Any CPU
		Release|Any CPU = Release|Any CPU
	EndGlobalSection
	GlobalSection(ProjectConfigurationPlatforms) = postSolution
		{1596B239-E109-4DE6-B696-3574148925C6}.Debug|Any CPU.ActiveCfg = Debug|Any CPU
		{1596B239-E109-4DE6-B696-3574148925C6}.Debug|Any CPU.Build.0 = Debug|Any CPU
		{1596B239-E109-4DE6-B696-3574148925C6}.Release|Any CPU.ActiveCfg = Release|Any CPU
		{1596B239-E109-4DE6-B696-3574148925C6}.Release|Any CPU.Build.0 = Release|Any CPU
		{1543BA31-E08F-4934-A7CA-3FE44EB0A46A}.Debug|Any CPU.ActiveCfg = Debug|Any CPU
		{1543BA31-E08F-4934-A7CA-3FE44EB0A46A}.Debug|Any CPU.Build.0 = Debug|Any CPU
		{1543BA31-E08F-4934-A7CA-3FE44EB0A46A}.Release|Any CPU.ActiveCfg = Release|Any CPU
		{1543BA31-E08F-4934-A7CA-3FE44EB0A46A}.Release|Any CPU.Build.0 = Release|Any CPU
		{13DA0BC0-F386-47B1-926B-92C05B9D6155}.Debug|Any CPU.ActiveCfg = Debug|Any CPU
		{13DA0BC0-F386-47B1-926B-92C05B9D6155}.Debug|Any CPU.Build.0 = Debug|Any CPU
		{13DA0BC0-F386-47B1-926B-92C05B9D6155}.Release|Any CPU.ActiveCfg = Release|Any CPU
		{13DA0BC0-F386-47B1-926B-92C05B9D6155}.Release|Any CPU.Build.0 = Release|Any CPU
		{BA08AEE2-9E74-484F-8617-9B7C3A7365CB}.Debug|Any CPU.ActiveCfg = Debug|Any CPU
		{BA08AEE2-9E74-484F-8617-9B7C3A7365CB}.Debug|Any CPU.Build.0 = Debug|Any CPU
		{BA08AEE2-9E74-484F-8617-9B7C3A7365CB}.Release|Any CPU.ActiveCfg = Release|Any CPU
		{BA08AEE2-9E74-484F-8617-9B7C3A7365CB}.Release|Any CPU.Build.0 = Release|Any CPU
		{BC5C0B54-062E-465D-8C82-8839AEF422BF}.Debug|Any CPU.ActiveCfg = Debug|Any CPU
		{BC5C0B54-062E-465D-8C82-8839AEF422BF}.Debug|Any CPU.Build.0 = Debug|Any CPU
		{BC5C0B54-062E-465D-8C82-8839AEF422BF}.Release|Any CPU.ActiveCfg = Release|Any CPU
		{BC5C0B54-062E-465D-8C82-8839AEF422BF}.Release|Any CPU.Build.0 = Release|Any CPU
		{EB65A704-42E5-433C-9EDF-FF235353816B}.Debug|Any CPU.ActiveCfg = Debug|Any CPU
		{EB65A704-42E5-433C-9EDF-FF235353816B}.Debug|Any CPU.Build.0 = Debug|Any CPU
		{EB65A704-42E5-433C-9EDF-FF235353816B}.Release|Any CPU.ActiveCfg = Release|Any CPU
		{EB65A704-42E5-433C-9EDF-FF235353816B}.Release|Any CPU.Build.0 = Release|Any CPU
		{729498F2-62F3-4944-8432-C35FE77E2FE7}.Debug|Any CPU.ActiveCfg = Debug|Any CPU
		{729498F2-62F3-4944-8432-C35FE77E2FE7}.Debug|Any CPU.Build.0 = Debug|Any CPU
		{729498F2-62F3-4944-8432-C35FE77E2FE7}.Release|Any CPU.ActiveCfg = Release|Any CPU
		{729498F2-62F3-4944-8432-C35FE77E2FE7}.Release|Any CPU.Build.0 = Release|Any CPU
		{8C92284B-B9E9-4B92-9971-BD6FF8E33FD4}.Debug|Any CPU.ActiveCfg = Debug|Any CPU
		{8C92284B-B9E9-4B92-9971-BD6FF8E33FD4}.Debug|Any CPU.Build.0 = Debug|Any CPU
		{8C92284B-B9E9-4B92-9971-BD6FF8E33FD4}.Release|Any CPU.ActiveCfg = Release|Any CPU
		{8C92284B-B9E9-4B92-9971-BD6FF8E33FD4}.Release|Any CPU.Build.0 = Release|Any CPU
		{CDCF9B9E-974D-41B3-AE0D-3C6E5A7AAB1D}.Debug|Any CPU.ActiveCfg = Debug|Any CPU
		{CDCF9B9E-974D-41B3-AE0D-3C6E5A7AAB1D}.Debug|Any CPU.Build.0 = Debug|Any CPU
		{CDCF9B9E-974D-41B3-AE0D-3C6E5A7AAB1D}.Release|Any CPU.ActiveCfg = Release|Any CPU
		{CDCF9B9E-974D-41B3-AE0D-3C6E5A7AAB1D}.Release|Any CPU.Build.0 = Release|Any CPU
		{A9EFA181-B4F5-4576-8681-41977D3E44C7}.Debug|Any CPU.ActiveCfg = Debug|Any CPU
		{A9EFA181-B4F5-4576-8681-41977D3E44C7}.Debug|Any CPU.Build.0 = Debug|Any CPU
		{A9EFA181-B4F5-4576-8681-41977D3E44C7}.Release|Any CPU.ActiveCfg = Release|Any CPU
		{A9EFA181-B4F5-4576-8681-41977D3E44C7}.Release|Any CPU.Build.0 = Release|Any CPU
		{4855809C-A3D6-4A6D-BCD6-5C2BA576824C}.Debug|Any CPU.ActiveCfg = Debug|Any CPU
		{4855809C-A3D6-4A6D-BCD6-5C2BA576824C}.Debug|Any CPU.Build.0 = Debug|Any CPU
		{4855809C-A3D6-4A6D-BCD6-5C2BA576824C}.Release|Any CPU.ActiveCfg = Release|Any CPU
		{4855809C-A3D6-4A6D-BCD6-5C2BA576824C}.Release|Any CPU.Build.0 = Release|Any CPU
		{A1054403-75A0-4CE9-8A7C-F964796F354C}.Debug|Any CPU.ActiveCfg = Debug|Any CPU
		{A1054403-75A0-4CE9-8A7C-F964796F354C}.Debug|Any CPU.Build.0 = Debug|Any CPU
		{A1054403-75A0-4CE9-8A7C-F964796F354C}.Release|Any CPU.ActiveCfg = Release|Any CPU
		{A1054403-75A0-4CE9-8A7C-F964796F354C}.Release|Any CPU.Build.0 = Release|Any CPU
	EndGlobalSection
	GlobalSection(SolutionProperties) = preSolution
		HideSolutionNode = FALSE
	EndGlobalSection
	GlobalSection(NestedProjects) = preSolution
		{CDCF9B9E-974D-41B3-AE0D-3C6E5A7AAB1D} = {71572882-E962-4E03-BBA5-5CF5154F8B9E}
		{09C8FA19-E6FB-4E24-8CA8-B9FAEC770248} = {71572882-E962-4E03-BBA5-5CF5154F8B9E}
		{AC539ED7-DA7B-4E2B-8743-B9A643B01A3B} = {09C8FA19-E6FB-4E24-8CA8-B9FAEC770248}
		{2608D037-18ED-4C60-AE3A-22551208CA97} = {09C8FA19-E6FB-4E24-8CA8-B9FAEC770248}
		{77304A14-6B3C-4CBA-8962-1061CD75551C} = {09C8FA19-E6FB-4E24-8CA8-B9FAEC770248}
		{A9EFA181-B4F5-4576-8681-41977D3E44C7} = {71572882-E962-4E03-BBA5-5CF5154F8B9E}
		{4855809C-A3D6-4A6D-BCD6-5C2BA576824C} = {71572882-E962-4E03-BBA5-5CF5154F8B9E}
		{A1054403-75A0-4CE9-8A7C-F964796F354C} = {71572882-E962-4E03-BBA5-5CF5154F8B9E}
	EndGlobalSection
	GlobalSection(ExtensibilityGlobals) = postSolution
		SolutionGuid = {5ECB4232-8BB4-4BB7-9098-7CBC612B2A4C}
	EndGlobalSection
EndGlobal
